<?xml version="1.0" encoding="utf-8"?>
<Project ToolsVersion="4.0" xmlns="http://schemas.microsoft.com/developer/msbuild/2003">
  <ItemGroup>
    <Filter Include="Source Files">
      <UniqueIdentifier>{4FC737F1-C7A5-4376-A066-2A32D752A2FF}</UniqueIdentifier>
      <Extensions>cpp;c;cc;cxx;def;odl;idl;hpj;bat;asm;asmx</Extensions>
    </Filter>
    <Filter Include="Header Files">
      <UniqueIdentifier>{93995380-89BD-4b04-88EB-625FBE52EBFB}</UniqueIdentifier>
      <Extensions>h;hh;hpp;hxx;hm;inl;inc;ipp;xsd</Extensions>
    </Filter>
    <Filter Include="Resource Files">
      <UniqueIdentifier>{67DA6AB6-F800-4c08-8B7A-83BB121AAD01}</UniqueIdentifier>
      <Extensions>rc;ico;cur;bmp;dlg;rc2;rct;bin;rgs;gif;jpg;jpeg;jpe;resx;tiff;tif;png;wav;mfcribbon-ms</Extensions>
    </Filter>
  </ItemGroup>
  <ItemGroup>
    <ClInclude Include="include\engine\render\Scene.h">
      <Filter>Header Files</Filter>
    </ClInclude>
    <ClInclude Include="include\engine\render\hittables\Hittable.h">
      <Filter>Header Files</Filter>
    </ClInclude>
    <ClInclude Include="include\engine\render\hittables\SphereHittable.h">
      <Filter>Header Files</Filter>
    </ClInclude>
    <ClInclude Include="include\engine\math\Camera.h">
      <Filter>Header Files</Filter>
    </ClInclude>
    <ClInclude Include="include\engine\math\Frustum.h">
      <Filter>Header Files</Filter>
    </ClInclude>
    <ClInclude Include="include\engine\utils\ColorConverter.h">
      <Filter>Header Files</Filter>
    </ClInclude>
    <ClInclude Include="include\engine\utils\Timer.h">
      <Filter>Header Files</Filter>
    </ClInclude>
    <ClInclude Include="include\engine\render\lights\LightSource.h">
      <Filter>Header Files</Filter>
    </ClInclude>
    <ClInclude Include="include\engine\render\lights\PointLight.h">
      <Filter>Header Files</Filter>
    </ClInclude>
    <ClInclude Include="include\engine\render\lights\SpotLight.h">
      <Filter>Header Files</Filter>
    </ClInclude>
    <ClInclude Include="include\engine\render\lights\SunLight.h">
      <Filter>Header Files</Filter>
    </ClInclude>
    <ClInclude Include="include\engine\render\World.h">
      <Filter>Header Files</Filter>
    </ClInclude>
    <ClInclude Include="include\engine\render\Material.h">
      <Filter>Header Files</Filter>
    </ClInclude>
    <ClInclude Include="include\engine\render\hittables\PlaneHittable.h">
      <Filter>Header Files</Filter>
    </ClInclude>
    <ClInclude Include="include\engine\math\Triangle.h">
      <Filter>Header Files</Filter>
    </ClInclude>
    <ClInclude Include="include\engine\math\Sphere.h">
      <Filter>Header Files</Filter>
    </ClInclude>
    <ClInclude Include="include\engine\math\Ray.h">
      <Filter>Header Files</Filter>
    </ClInclude>
    <ClInclude Include="include\engine\math\Plane.h">
      <Filter>Header Files</Filter>
    </ClInclude>
    <ClInclude Include="include\engine\render\hittables\HittableMaterial.h">
      <Filter>Header Files</Filter>
    </ClInclude>
    <ClInclude Include="include\engine\math\Transform.h">
      <Filter>Header Files</Filter>
    </ClInclude>
    <ClInclude Include="include\engine\math\MeshLocal.h">
      <Filter>Header Files</Filter>
    </ClInclude>
    <ClInclude Include="include\engine\render\hittables\MeshGlobalHittable.h">
      <Filter>Header Files</Filter>
    </ClInclude>
    <ClInclude Include="include\engine\math\TriangleOctree.h">
      <Filter>Header Files</Filter>
    </ClInclude>
    <ClInclude Include="include\engine\math\intersecters\MeshGlobalIntersecter.h">
      <Filter>Header Files</Filter>
    </ClInclude>
    <ClInclude Include="include\engine\math\intersecters\TriangleIntersecter.h">
      <Filter>Header Files</Filter>
    </ClInclude>
    <ClInclude Include="include\engine\math\intersecters\SphereIntersecter.h">
      <Filter>Header Files</Filter>
    </ClInclude>
    <ClInclude Include="include\engine\math\intersecters\PlaneIntersecter.h">
      <Filter>Header Files</Filter>
    </ClInclude>
    <ClInclude Include="include\engine\math\intersecters\Intersecter.h">
      <Filter>Header Files</Filter>
    </ClInclude>
    <ClInclude Include="include\engine\math\intersecters\MeshLocalIntersecter.h">
      <Filter>Header Files</Filter>
    </ClInclude>
    <ClInclude Include="include\engine\math\AABB.h">
      <Filter>Header Files</Filter>
    </ClInclude>
    <ClInclude Include="include\engine\math\intersecters\AABBIntersecter.h">
      <Filter>Header Files</Filter>
    </ClInclude>
    <ClInclude Include="include\engine\render\RenderBlock.h">
      <Filter>Header Files</Filter>
    </ClInclude>
    <ClInclude Include="include\engine\math\Rectangle.h">
      <Filter>Header Files</Filter>
    </ClInclude>
    <ClInclude Include="include\engine\types.h">
      <Filter>Header Files</Filter>
    </ClInclude>
    <ClInclude Include="include\engine\math\MeshGlobal.h">
      <Filter>Header Files</Filter>
    </ClInclude>
    <ClInclude Include="include\engine\utils\StringConverter.h">
      <Filter>Header Files</Filter>
    </ClInclude>
    <ClInclude Include="include\engine\utils\ErrorLogger.h">
      <Filter>Header Files</Filter>
    </ClInclude>
    <ClInclude Include="include\engine\window\Keyboard.h">
      <Filter>Header Files</Filter>
    </ClInclude>
    <ClInclude Include="include\engine\window\KeyboardEvent.h">
      <Filter>Header Files</Filter>
    </ClInclude>
    <ClInclude Include="include\engine\window\Mouse.h">
      <Filter>Header Files</Filter>
    </ClInclude>
    <ClInclude Include="include\engine\window\MouseEvent.h">
      <Filter>Header Files</Filter>
    </ClInclude>
    <ClInclude Include="include\engine\window\RenderWindow.h">
      <Filter>Header Files</Filter>
    </ClInclude>
    <ClInclude Include="include\engine\window\WindowEvent.h">
      <Filter>Header Files</Filter>
    </ClInclude>
    <ClInclude Include="include\engine\directx\D3D.h">
      <Filter>Header Files</Filter>
    </ClInclude>
    <ClInclude Include="include\engine\Engine.h">
      <Filter>Header Files</Filter>
    </ClInclude>
    <ClInclude Include="include\engine\window\WindowContainer.h">
      <Filter>Header Files</Filter>
    </ClInclude>
    <ClInclude Include="include\engine\graphics\PixelShader.h">
      <Filter>Header Files</Filter>
    </ClInclude>
    <ClInclude Include="include\engine\graphics\VertexShader.h">
      <Filter>Header Files</Filter>
    </ClInclude>
    <ClInclude Include="include\engine\graphics\VertexBuffer.h">
      <Filter>Header Files</Filter>
    </ClInclude>
    <ClInclude Include="include\engine\graphics\ConstantBuffer.h">
      <Filter>Header Files</Filter>
    </ClInclude>
    <ClInclude Include="include\engine\math\RCamera.h">
      <Filter>Header Files</Filter>
    </ClInclude>
    <ClInclude Include="include\engine\graphics\IndexBuffer.h">
      <Filter>Header Files</Filter>
    </ClInclude>
    <ClInclude Include="include\engine\math\RTransform.h">
      <Filter>Header Files</Filter>
    </ClInclude>
    <ClInclude Include="include\engine\utils\FileSystem.h">
      <Filter>Header Files</Filter>
    </ClInclude>
    <ClInclude Include="include\engine\math\IndexTriangle.h">
      <Filter>Header Files</Filter>
    </ClInclude>
    <ClInclude Include="include\engine\graphics\Mesh.h">
      <Filter>Header Files</Filter>
    </ClInclude>
    <ClInclude Include="include\engine\graphics\Model.h">
      <Filter>Header Files</Filter>
    </ClInclude>
    <ClInclude Include="include\engine\utils\ModelManager.h">
      <Filter>Header Files</Filter>
    </ClInclude>
    <ClInclude Include="include\engine\graphics\Material.h">
      <Filter>Header Files</Filter>
    </ClInclude>
    <ClInclude Include="include\engine\graphics\ShadingGroup.h">
      <Filter>Header Files</Filter>
    </ClInclude>
    <ClInclude Include="include\engine\math\RRay.h">
      <Filter>Header Files</Filter>
    </ClInclude>
    <ClInclude Include="include\engine\math\RAABB.h">
      <Filter>Header Files</Filter>
    </ClInclude>
    <ClInclude Include="include\engine\math\RTriangleOctree.h">
      <Filter>Header Files</Filter>
    </ClInclude>
    <ClInclude Include="include\engine\math\intersecters\RIntersecter.h">
      <Filter>Header Files</Filter>
    </ClInclude>
    <ClInclude Include="include\engine\math\intersecters\RTriangleIntersecter.h">
      <Filter>Header Files</Filter>
    </ClInclude>
    <ClInclude Include="include\engine\math\intersecters\RAABBIntersecter.h">
      <Filter>Header Files</Filter>
    </ClInclude>
    <ClInclude Include="include\engine\graphics\MeshSystem.h">
      <Filter>Header Files</Filter>
    </ClInclude>
    <ClInclude Include="include\engine\math\RFrustum.h">
      <Filter>Header Files</Filter>
    </ClInclude>
    <ClInclude Include="include\engine\utils\SolidVector.h">
      <Filter>Header Files</Filter>
    </ClInclude>
    <ClInclude Include="include\engine\graphics\HullShader.h">
      <Filter>Header Files</Filter>
    </ClInclude>
    <ClInclude Include="include\engine\graphics\DomainShader.h">
      <Filter>Header Files</Filter>
    </ClInclude>
    <ClInclude Include="include\engine\graphics\GeometryShader.h">
      <Filter>Header Files</Filter>
    </ClInclude>
    <ClInclude Include="include\engine\utils\DDSTextureLoader11.h">
      <Filter>Header Files</Filter>
    </ClInclude>
    <ClInclude Include="include\engine\graphics\Texture.h">
      <Filter>Header Files</Filter>
    </ClInclude>
    <ClInclude Include="include\engine\graphics\Shader.h">
      <Filter>Header Files</Filter>
    </ClInclude>
    <ClInclude Include="include\engine\graphics\LightSystem.h">
      <Filter>Header Files</Filter>
    </ClInclude>
    <ClInclude Include="include\engine\graphics\PostProcess.h">
      <Filter>Header Files</Filter>
    </ClInclude>
    <ClInclude Include="include\engine\graphics\PipelineShaders.h">
      <Filter>Header Files</Filter>
    </ClInclude>
    <ClInclude Include="include\engine\utils\ReflectionCapture.h">
      <Filter>Header Files</Filter>
    </ClInclude>
    <ClInclude Include="include\engine\directx\Macro.h">
      <Filter>Header Files</Filter>
    </ClInclude>
    <ClInclude Include="include\engine\graphics\ShadowMapRenderer.hpp">
      <Filter>Header Files</Filter>
    </ClInclude>
    <ClInclude Include="include\engine\graphics\Particle.h">
      <Filter>Header Files</Filter>
    </ClInclude>
    <ClInclude Include="include\engine\graphics\Emmiter.h">
      <Filter>Header Files</Filter>
    </ClInclude>
    <ClInclude Include="include\engine\graphics\ParticleSystem.h">
      <Filter>Header Files</Filter>
    </ClInclude>
    <ClInclude Include="include\engine\utils\RandomGenerator.h">
      <Filter>Header Files</Filter>
    </ClInclude>
    <ClInclude Include="include\engine\graphics\DeferredShading.h">
      <Filter>Header Files</Filter>
    </ClInclude>
    <ClInclude Include="include\engine\graphics\GBuffer.h">
      <Filter>Header Files</Filter>
    </ClInclude>
    <ClInclude Include="include\engine\utils\ErrorHandler.h">
      <Filter>Header Files</Filter>
    </ClInclude>
    <ClInclude Include="include\engine\graphics\FullscreenPass.h">
      <Filter>Header Files</Filter>
    </ClInclude>
    <ClInclude Include="include\engine\graphics\DecalSystem.h">
      <Filter>Header Files</Filter>
    </ClInclude>
    <ClInclude Include="include\engine\graphics\RingBuffer.hpp">
      <Filter>Header Files</Filter>
    </ClInclude>
    <ClInclude Include="include\engine\graphics\StructuredBuffer.hpp">
      <Filter>Header Files</Filter>
    </ClInclude>
    <ClInclude Include="include\engine\utils\TextureManager.h">
      <Filter>Header Files</Filter>
    </ClInclude>
    <ClInclude Include="include\engine\graphics\ComputeShader.h">
      <Filter>Header Files</Filter>
    </ClInclude>
  </ItemGroup>
  <ItemGroup>
    <ClCompile Include="src\engine\render\Scene.cpp">
      <Filter>Source Files</Filter>
    </ClCompile>
    <ClCompile Include="src\engine\render\hittables\SphereHittable.cpp">
      <Filter>Source Files</Filter>
    </ClCompile>
    <ClCompile Include="src\engine\math\Camera.cpp">
      <Filter>Source Files</Filter>
    </ClCompile>
    <ClCompile Include="src\engine\math\Frustum.cpp">
      <Filter>Source Files</Filter>
    </ClCompile>
    <ClCompile Include="src\engine\utils\ColorConverter.cpp">
      <Filter>Source Files</Filter>
    </ClCompile>
    <ClCompile Include="src\engine\utils\Timer.cpp">
      <Filter>Source Files</Filter>
    </ClCompile>
    <ClCompile Include="src\engine\render\lights\PointLight.cpp">
      <Filter>Source Files</Filter>
    </ClCompile>
    <ClCompile Include="src\engine\render\lights\SpotLight.cpp">
      <Filter>Source Files</Filter>
    </ClCompile>
    <ClCompile Include="src\engine\render\World.cpp">
      <Filter>Source Files</Filter>
    </ClCompile>
    <ClCompile Include="src\engine\render\lights\SunLight.cpp">
      <Filter>Source Files</Filter>
    </ClCompile>
    <ClCompile Include="include\engine\render\hittables\TriangleHittable.h">
      <Filter>Source Files</Filter>
    </ClCompile>
    <ClCompile Include="src\engine\render\hittables\TriangleHittable.cpp">
      <Filter>Source Files</Filter>
    </ClCompile>
    <ClCompile Include="src\engine\render\hittables\PlaneHittable.cpp">
      <Filter>Source Files</Filter>
    </ClCompile>
    <ClCompile Include="src\engine\render\hittables\HittableMaterial.cpp">
      <Filter>Source Files</Filter>
    </ClCompile>
    <ClCompile Include="src\engine\math\Transform.cpp">
      <Filter>Source Files</Filter>
    </ClCompile>
    <ClCompile Include="src\engine\render\hittables\MeshGlobalHittable.cpp">
      <Filter>Source Files</Filter>
    </ClCompile>
    <ClCompile Include="src\engine\math\intersecters\MeshGlobalIntersecter.cpp">
      <Filter>Source Files</Filter>
    </ClCompile>
    <ClCompile Include="src\engine\math\intersecters\PlaneIntersecter.cpp">
      <Filter>Source Files</Filter>
    </ClCompile>
    <ClCompile Include="src\engine\math\intersecters\SphereIntersecter.cpp">
      <Filter>Source Files</Filter>
    </ClCompile>
    <ClCompile Include="src\engine\math\intersecters\TriangleIntersecter.cpp">
      <Filter>Source Files</Filter>
    </ClCompile>
    <ClCompile Include="src\engine\math\intersecters\MeshLocalIntersecter.cpp">
      <Filter>Source Files</Filter>
    </ClCompile>
    <ClCompile Include="src\engine\math\TriangleOctree.cpp">
      <Filter>Source Files</Filter>
    </ClCompile>
    <ClCompile Include="src\engine\math\intersecters\AABBIntersecter.cpp">
      <Filter>Source Files</Filter>
    </ClCompile>
    <ClCompile Include="src\engine\math\AABB.cpp">
      <Filter>Source Files</Filter>
    </ClCompile>
    <ClCompile Include="src\engine\math\MeshLocal.cpp">
      <Filter>Source Files</Filter>
    </ClCompile>
    <ClCompile Include="src\engine\render\RenderBlock.cpp">
      <Filter>Source Files</Filter>
    </ClCompile>
    <ClCompile Include="src\engine\math\Ray.cpp">
      <Filter>Source Files</Filter>
    </ClCompile>
    <ClCompile Include="src\engine\utils\StringConverter.cpp">
      <Filter>Source Files</Filter>
    </ClCompile>
    <ClCompile Include="src\engine\utils\ErrorLogger.cpp">
      <Filter>Source Files</Filter>
    </ClCompile>
    <ClCompile Include="src\engine\window\Keyboard.cpp">
      <Filter>Source Files</Filter>
    </ClCompile>
    <ClCompile Include="src\engine\window\KeyboardEvent.cpp">
      <Filter>Source Files</Filter>
    </ClCompile>
    <ClCompile Include="src\engine\window\Mouse.cpp">
      <Filter>Source Files</Filter>
    </ClCompile>
    <ClCompile Include="src\engine\window\MouseEvent.cpp">
      <Filter>Source Files</Filter>
    </ClCompile>
    <ClCompile Include="src\engine\window\RenderWindow.cpp">
      <Filter>Source Files</Filter>
    </ClCompile>
    <ClCompile Include="src\engine\directx\D3D.cpp">
      <Filter>Source Files</Filter>
    </ClCompile>
    <ClCompile Include="src\engine\window\WindowEvent.cpp">
      <Filter>Source Files</Filter>
    </ClCompile>
    <ClCompile Include="src\engine\Engine.cpp">
      <Filter>Source Files</Filter>
    </ClCompile>
    <ClCompile Include="src\engine\window\WindowContainer.cpp">
      <Filter>Source Files</Filter>
    </ClCompile>
    <ClCompile Include="src\engine\graphics\PixelShader.cpp">
      <Filter>Source Files</Filter>
    </ClCompile>
    <ClCompile Include="src\engine\graphics\VertexShader.cpp">
      <Filter>Source Files</Filter>
    </ClCompile>
    <ClCompile Include="src\engine\math\RCamera.cpp">
      <Filter>Source Files</Filter>
    </ClCompile>
    <ClCompile Include="src\engine\math\RTransform.cpp">
      <Filter>Source Files</Filter>
    </ClCompile>
    <ClCompile Include="src\engine\graphics\IndexBuffer.cpp">
      <Filter>Source Files</Filter>
    </ClCompile>
    <ClCompile Include="src\engine\utils\FileSystem.cpp">
      <Filter>Source Files</Filter>
    </ClCompile>
    <ClCompile Include="src\engine\math\RAABB.cpp">
      <Filter>Source Files</Filter>
    </ClCompile>
    <ClCompile Include="src\engine\utils\ModelManager.cpp">
      <Filter>Source Files</Filter>
    </ClCompile>
    <ClCompile Include="src\engine\math\RRay.cpp">
      <Filter>Source Files</Filter>
    </ClCompile>
    <ClCompile Include="include\engine\math\RTriangle.h">
      <Filter>Source Files</Filter>
    </ClCompile>
    <ClCompile Include="src\engine\math\RTriangleOctree.cpp">
      <Filter>Source Files</Filter>
    </ClCompile>
    <ClCompile Include="src\engine\math\intersecters\RAABBIntersecter.cpp">
      <Filter>Source Files</Filter>
    </ClCompile>
    <ClCompile Include="src\engine\math\intersecters\RTriangleIntersecter.cpp">
      <Filter>Source Files</Filter>
    </ClCompile>
    <ClCompile Include="src\engine\graphics\MeshSystem.cpp">
      <Filter>Source Files</Filter>
    </ClCompile>
    <ClCompile Include="src\engine\math\RFrustum.cpp">
      <Filter>Source Files</Filter>
    </ClCompile>
    <ClCompile Include="src\engine\graphics\HullShader.cpp">
      <Filter>Source Files</Filter>
    </ClCompile>
    <ClCompile Include="src\engine\graphics\DomainShader.cpp">
      <Filter>Source Files</Filter>
    </ClCompile>
    <ClCompile Include="src\engine\graphics\GeometryShader.cpp">
      <Filter>Source Files</Filter>
    </ClCompile>
    <ClCompile Include="src\engine\utils\TextureManager.cpp">
      <Filter>Source Files</Filter>
    </ClCompile>
    <ClCompile Include="src\engine\utils\DDSTextureLoader11.cpp">
      <Filter>Source Files</Filter>
    </ClCompile>
    <ClCompile Include="src\engine\graphics\Shader.cpp">
      <Filter>Source Files</Filter>
    </ClCompile>
    <ClCompile Include="src\engine\graphics\LightSystem.cpp">
      <Filter>Source Files</Filter>
    </ClCompile>
    <ClCompile Include="src\engine\graphics\PostProcess.cpp">
      <Filter>Source Files</Filter>
    </ClCompile>
    <ClCompile Include="src\engine\utils\ReflectionCapture.cpp">
      <Filter>Source Files</Filter>
    </ClCompile>
    <ClCompile Include="src\engine\graphics\ShadowMapRenderer.cpp">
      <Filter>Source Files</Filter>
    </ClCompile>
    <ClCompile Include="src\engine\graphics\Emmiter.cpp">
      <Filter>Source Files</Filter>
    </ClCompile>
    <ClCompile Include="src\engine\graphics\ParticleSystem.cpp">
      <Filter>Source Files</Filter>
    </ClCompile>
    <ClCompile Include="src\engine\utils\RandomGenerator.cpp">
      <Filter>Source Files</Filter>
    </ClCompile>
    <ClCompile Include="src\engine\graphics\DeferredShading.cpp">
      <Filter>Source Files</Filter>
    </ClCompile>
    <ClCompile Include="src\engine\utils\ErrorHandler.cpp">
      <Filter>Source Files</Filter>
    </ClCompile>
    <ClCompile Include="src\engine\graphics\ShadingGroup.cpp">
      <Filter>Source Files</Filter>
    </ClCompile>
    <ClCompile Include="src\engine\graphics\FullscreenPass.cpp">
      <Filter>Source Files</Filter>
    </ClCompile>
    <ClCompile Include="src\engine\graphics\DecalSystem.cpp">
      <Filter>Source Files</Filter>
    </ClCompile>
    <ClCompile Include="src\engine\graphics\ComputeShader.cpp">
      <Filter>Source Files</Filter>
    </ClCompile>
  </ItemGroup>
  <ItemGroup>
    <None Include="include\engine\math\Camera.inl">
      <Filter>Header Files</Filter>
    </None>
    <None Include="include\engine\utils\Timer.inl">
      <Filter>Header Files</Filter>
    </None>
    <None Include="include\engine\math\Transform.inl">
      <Filter>Header Files</Filter>
    </None>
    <None Include="include\engine\render\hittables\MeshGlobalHittable.inl">
      <Filter>Header Files</Filter>
    </None>
    <None Include="include\engine\graphics\VertexBuffer.inl">
      <Filter>Header Files</Filter>
    </None>
    <None Include="include\engine\graphics\ConstantBuffer.inl">
      <Filter>Header Files</Filter>
    </None>
    <None Include="shaders\engine\postprocces\postprocces_vertex_pixel_s.hlsli" />
    <None Include="include\engine\utils\SolidVector.inl">
      <Filter>Header Files</Filter>
    </None>
    <None Include="shaders\engine\bdrf\d\trowbridge_reitz_ggx.hlsli" />
    <None Include="shaders\engine\bdrf\f\fresnel_law.hlsli" />
    <None Include="shaders\engine\bdrf\g\ggx_smith.hlsli" />
    <None Include="shaders\engine\bdrf\cook_torrance_bdrf.hlsli" />
    <None Include="shaders\engine\bdrf\rendering_equation.hlsli" />
    <None Include="shaders\engine\math_constants.hlsli" />
    <None Include="include\engine\graphics\ShadingGroup.inl">
      <Filter>Header Files</Filter>
    </None>
    <None Include="include\engine\graphics\ShadowMapRenderer.inl">
      <Filter>Header Files</Filter>
    </None>
    <None Include="shaders\engine\reflection_capture\help_fun.hlsli" />
    <None Include="shaders\engine\algorithms\octahedron.hlsli" />
    <None Include="shaders\engine\postprocces\fxaa3_11.hlsli" />
    <None Include="include\engine\graphics\RingBuffer.inl">
      <Filter>Header Files</Filter>
    </None>
    <None Include="include\engine\graphics\StructuredBuffer.inl">
      <Filter>Header Files</Filter>
    </None>
  </ItemGroup>
  <ItemGroup>
    <FxCompile Include="shaders\engine\postprocces\postprocces_hdr_pixel.hlsl" />
    <FxCompile Include="shaders\engine\postprocces\postprocces_vertex.hlsl" />
    <FxCompile Include="shaders\engine\reflection_capture\diffuse_irradiance_cubemap_vertex.hlsl" />
    <FxCompile Include="shaders\engine\reflection_capture\diffuse_irradiance_cubemap_pixel.hlsl" />
    <FxCompile Include="shaders\engine\reflection_capture\specular_irradiance_cubemap_vertex.hlsl" />
    <FxCompile Include="shaders\engine\reflection_capture\specular_irradiance_cubemap_pixel.hlsl" />
    <FxCompile Include="shaders\engine\reflection_capture\specular_reflectance_texture2d_vertex.hlsl" />
    <FxCompile Include="shaders\engine\reflection_capture\specular_reflectance_texture2d_pixel.hlsl" />
    <FxCompile Include="shaders\engine\shadow_map\shadow_map_2d_vertex.hlsl" />
    <FxCompile Include="shaders\engine\shadow_map\shadow_map_3d_geometry.hlsl" />
    <FxCompile Include="shaders\engine\shadow_map\shadow_map_3d_vertex.hlsl" />
    <FxCompile Include="shaders\engine\postprocces\postprocces_fxaa_pixel.hlsl" />
  </ItemGroup>
</Project>