<?xml version="1.0" encoding="utf-8"?>
<Project ToolsVersion="4.0" xmlns="http://schemas.microsoft.com/developer/msbuild/2003">
  <ItemGroup>
    <Filter Include="Source Files">
      <UniqueIdentifier>{4FC737F1-C7A5-4376-A066-2A32D752A2FF}</UniqueIdentifier>
      <Extensions>cpp;c;cc;cxx;def;odl;idl;hpj;bat;asm;asmx</Extensions>
    </Filter>
    <Filter Include="Header Files">
      <UniqueIdentifier>{93995380-89BD-4b04-88EB-625FBE52EBFB}</UniqueIdentifier>
      <Extensions>h;hh;hpp;hxx;hm;inl;inc;ipp;xsd</Extensions>
    </Filter>
    <Filter Include="Resource Files">
      <UniqueIdentifier>{67DA6AB6-F800-4c08-8B7A-83BB121AAD01}</UniqueIdentifier>
      <Extensions>rc;ico;cur;bmp;dlg;rc2;rct;bin;rgs;gif;jpg;jpeg;jpe;resx;tiff;tif;png;wav;mfcribbon-ms</Extensions>
    </Filter>
  </ItemGroup>
  <ItemGroup>
    <ClCompile Include="source\main.cpp">
      <Filter>Source Files</Filter>
    </ClCompile>
    <ClCompile Include="source\MyEngine.cpp">
      <Filter>Source Files</Filter>
    </ClCompile>
    <ClCompile Include="source\IntersectionSystem.cpp">
      <Filter>Source Files</Filter>
    </ClCompile>
    <ClCompile Include="source\UI.cpp">
      <Filter>Source Files</Filter>
    </ClCompile>
    <ClCompile Include="source\SceneLoader.cpp">
      <Filter>Source Files</Filter>
    </ClCompile>
    <ClCompile Include="source\ImGuiLog.cpp">
      <Filter>Source Files</Filter>
    </ClCompile>
    <ClCompile Include="source\MyUtils.cpp">
      <Filter>Source Files</Filter>
    </ClCompile>
    <ClCompile Include="source\CameraController.cpp">
      <Filter>Source Files</Filter>
    </ClCompile>
    <ClCompile Include="source\FullscreenTriangle.cpp">
      <Filter>Source Files</Filter>
    </ClCompile>
    <ClCompile Include="source\LightDebugger.cpp">
      <Filter>Source Files</Filter>
    </ClCompile>
    <ClCompile Include="source\EmmiterDebugger.cpp">
      <Filter>Source Files</Filter>
    </ClCompile>
  </ItemGroup>
  <ItemGroup>
    <ClInclude Include="source\MyEngine.h">
      <Filter>Header Files</Filter>
    </ClInclude>
    <ClInclude Include="source\IntersectionSystem.h">
      <Filter>Header Files</Filter>
    </ClInclude>
    <ClInclude Include="source\UI.h">
      <Filter>Header Files</Filter>
    </ClInclude>
    <ClInclude Include="source\SceneLoader.h">
      <Filter>Header Files</Filter>
    </ClInclude>
    <ClInclude Include="source\ImGuiLog.h">
      <Filter>Header Files</Filter>
    </ClInclude>
    <ClInclude Include="source\MyUtils.h">
      <Filter>Header Files</Filter>
    </ClInclude>
    <ClInclude Include="source\CameraController.h">
      <Filter>Header Files</Filter>
    </ClInclude>
    <ClInclude Include="source\FullscreenTriangle.h">
      <Filter>Header Files</Filter>
    </ClInclude>
    <ClInclude Include="source\LightDebugger.h">
      <Filter>Header Files</Filter>
    </ClInclude>
    <ClInclude Include="source\EmmiterDebugger.h">
      <Filter>Header Files</Filter>
    </ClInclude>
  </ItemGroup>
  <ItemGroup>
    <FxCompile Include="source\shaders\normal_visualization\normal_visualization_geometry.hlsl" />
    <FxCompile Include="source\shaders\normal_visualization\normal_visualization_pixel.hlsl" />
    <FxCompile Include="source\shaders\normal_visualization\normal_visualization_vertex.hlsl" />
    <FxCompile Include="source\shaders\wireframe\wireframe_visualization_vertex.hlsl">
      <Filter>Source Files</Filter>
    </FxCompile>
    <FxCompile Include="source\shaders\wireframe\wireframe_visualization_pixel.hlsl" />
    <FxCompile Include="source\shaders\wireframe\wireframe_visualization_geometry.hlsl" />
    <FxCompile Include="source\shaders\main\opaque_pixel.hlsl" />
    <FxCompile Include="source\shaders\main\opaque_vertex.hlsl" />
    <FxCompile Include="source\shaders\fullscreen_triangle\fullscreen_triangle_pixel.hlsl" />
    <FxCompile Include="source\shaders\fullscreen_triangle\fullscreen_triangle_vertex.hlsl" />
    <FxCompile Include="source\shaders\light_debugger\light_debugger_vertex.hlsl" />
    <FxCompile Include="source\shaders\light_debugger\light_debugger_pixel.hlsl" />
    <FxCompile Include="source\shaders\main\dissolution_vertex.hlsl" />
    <FxCompile Include="source\shaders\main\dissolution_pixel.hlsl" />
    <FxCompile Include="source\shaders\main\particle\particle_pixel.hlsl" />
    <FxCompile Include="source\shaders\main\particle\particle_vertex.hlsl" />
    <FxCompile Include="source\shaders\main\fullscreen_pass\fullscreen_pass_pbr_pixel.hlsl" />
    <FxCompile Include="source\shaders\main\fullscreen_pass\fullscreen_pass_vertex.hlsl" />
    <FxCompile Include="source\shaders\main\fullscreen_pass\fullscreen_pass_emission_pixel.hlsl" />
    <FxCompile Include="source\shaders\main\decal_system\decal_system_vertex.hlsl" />
    <FxCompile Include="source\shaders\main\decal_system\decal_system_pixel.hlsl" />
    <FxCompile Include="source\shaders\main\incineration_pixel.hlsl" />
    <FxCompile Include="source\shaders\main\incineration_vertex.hlsl" />
    <FxCompile Include="source\shaders\main\particle\gpu_particle_pixel.hlsl" />
    <FxCompile Include="source\shaders\main\particle\gpu_particle_vertex.hlsl" />
    <FxCompile Include="source\shaders\main\particle\gpu_particle_phisics_compute.hlsl" />
    <FxCompile Include="source\shaders\main\particle\range_buffer_update_compute.hlsl" />
  </ItemGroup>
  <ItemGroup>
    <None Include="source\shaders\normal_visualization\vertex_output_struct.hlsli" />
    <None Include="source\shaders\normal_visualization\geometry_output_struct.hlsli" />
    <None Include="source\shaders\global_samplers_states.hlsli" />
    <None Include="source\shaders\light_constant_buffer.hlsli" />
    <None Include="source\shaders\camera_constant_buffer.hlsli" />
    <None Include="source\shaders\plasma_constant_buffer.hlsli" />
    <None Include="source\shaders\material_constant_buffer.hlsli" />
    <None Include="source\shaders\mesh_constant_buffer.hlsli" />
    <None Include="source\shaders\wireframe\vertex_output_struct.hlsli" />
    <None Include="source\shaders\wireframe\geometry_output_struct.hlsli" />
    <None Include="source\shaders\main\textures_declaration.hlsli" />
    <None Include="source\shaders\main\cbuffer_declaration.hlsli" />
    <None Include="source\shaders\main\shadow.hlsli" />
    <None Include="source\shaders\main\spotlight.hlsli" />
    <None Include="source\shaders\main\lights_pbr.hlsli" />
    <None Include="source\shaders\main\ibl_helper.hlsli" />
    <None Include="source\MyUtils.inl">
      <Filter>Header Files</Filter>
    </None>
  </ItemGroup>
</Project>